// !$*UTF8*$!
{
	archiveVersion = 1;
	classes = {
	};
	objectVersion = 50;
	objects = {

/* Begin PBXBuildFile section */
		9BC7F2192553F76B00FCFEF1 /* AppDelegate.swift in Sources */ = {isa = PBXBuildFile; fileRef = 9BC7F2182553F76B00FCFEF1 /* AppDelegate.swift */; };
		9BC7F21B2553F76B00FCFEF1 /* SceneDelegate.swift in Sources */ = {isa = PBXBuildFile; fileRef = 9BC7F21A2553F76B00FCFEF1 /* SceneDelegate.swift */; };
		9BC7F21E2553F76B00FCFEF1 /* To_Do_List.xcdatamodeld in Sources */ = {isa = PBXBuildFile; fileRef = 9BC7F21C2553F76B00FCFEF1 /* To_Do_List.xcdatamodeld */; };
		9BC7F2202553F76B00FCFEF1 /* ContentView.swift in Sources */ = {isa = PBXBuildFile; fileRef = 9BC7F21F2553F76B00FCFEF1 /* ContentView.swift */; };
		9BC7F2222553F76F00FCFEF1 /* Assets.xcassets in Resources */ = {isa = PBXBuildFile; fileRef = 9BC7F2212553F76F00FCFEF1 /* Assets.xcassets */; };
		9BC7F2252553F76F00FCFEF1 /* Preview Assets.xcassets in Resources */ = {isa = PBXBuildFile; fileRef = 9BC7F2242553F76F00FCFEF1 /* Preview Assets.xcassets */; };
		9BC7F2282553F76F00FCFEF1 /* LaunchScreen.storyboard in Resources */ = {isa = PBXBuildFile; fileRef = 9BC7F2262553F76F00FCFEF1 /* LaunchScreen.storyboard */; };
		9BC7F2332553F77000FCFEF1 /* To_Do_ListTests.swift in Sources */ = {isa = PBXBuildFile; fileRef = 9BC7F2322553F77000FCFEF1 /* To_Do_ListTests.swift */; };
		9BC7F23E2553F77000FCFEF1 /* To_Do_ListUITests.swift in Sources */ = {isa = PBXBuildFile; fileRef = 9BC7F23D2553F77000FCFEF1 /* To_Do_ListUITests.swift */; };
/* End PBXBuildFile section */

/* Begin PBXContainerItemProxy section */
		9BC7F22F2553F77000FCFEF1 /* PBXContainerItemProxy */ = {
			isa = PBXContainerItemProxy;
			containerPortal = 9BC7F20D2553F76B00FCFEF1 /* Project object */;
			proxyType = 1;
			remoteGlobalIDString = 9BC7F2142553F76B00FCFEF1;
			remoteInfo = "To Do List";
		};
		9BC7F23A2553F77000FCFEF1 /* PBXContainerItemProxy */ = {
			isa = PBXContainerItemProxy;
			containerPortal = 9BC7F20D2553F76B00FCFEF1 /* Project object */;
			proxyType = 1;
			remoteGlobalIDString = 9BC7F2142553F76B00FCFEF1;
			remoteInfo = "To Do List";
		};
/* End PBXContainerItemProxy section */

/* Begin PBXFileReference section */
		9BC7F2152553F76B00FCFEF1 /* To Do List.app */ = {isa = PBXFileReference; explicitFileType = wrapper.application; includeInIndex = 0; path = "To Do List.app"; sourceTree = BUILT_PRODUCTS_DIR; };
		9BC7F2182553F76B00FCFEF1 /* AppDelegate.swift */ = {isa = PBXFileReference; lastKnownFileType = sourcecode.swift; path = AppDelegate.swift; sourceTree = "<group>"; };
		9BC7F21A2553F76B00FCFEF1 /* SceneDelegate.swift */ = {isa = PBXFileReference; lastKnownFileType = sourcecode.swift; path = SceneDelegate.swift; sourceTree = "<group>"; };
		9BC7F21D2553F76B00FCFEF1 /* To_Do_List.xcdatamodel */ = {isa = PBXFileReference; lastKnownFileType = wrapper.xcdatamodel; path = To_Do_List.xcdatamodel; sourceTree = "<group>"; };
		9BC7F21F2553F76B00FCFEF1 /* ContentView.swift */ = {isa = PBXFileReference; lastKnownFileType = sourcecode.swift; path = ContentView.swift; sourceTree = "<group>"; };
		9BC7F2212553F76F00FCFEF1 /* Assets.xcassets */ = {isa = PBXFileReference; lastKnownFileType = folder.assetcatalog; path = Assets.xcassets; sourceTree = "<group>"; };
		9BC7F2242553F76F00FCFEF1 /* Preview Assets.xcassets */ = {isa = PBXFileReference; lastKnownFileType = folder.assetcatalog; path = "Preview Assets.xcassets"; sourceTree = "<group>"; };
		9BC7F2272553F76F00FCFEF1 /* Base */ = {isa = PBXFileReference; lastKnownFileType = file.storyboard; name = Base; path = Base.lproj/LaunchScreen.storyboard; sourceTree = "<group>"; };
		9BC7F2292553F76F00FCFEF1 /* Info.plist */ = {isa = PBXFileReference; lastKnownFileType = text.plist.xml; path = Info.plist; sourceTree = "<group>"; };
		9BC7F22E2553F77000FCFEF1 /* To Do ListTests.xctest */ = {isa = PBXFileReference; explicitFileType = wrapper.cfbundle; includeInIndex = 0; path = "To Do ListTests.xctest"; sourceTree = BUILT_PRODUCTS_DIR; };
		9BC7F2322553F77000FCFEF1 /* To_Do_ListTests.swift */ = {isa = PBXFileReference; lastKnownFileType = sourcecode.swift; path = To_Do_ListTests.swift; sourceTree = "<group>"; };
		9BC7F2342553F77000FCFEF1 /* Info.plist */ = {isa = PBXFileReference; lastKnownFileType = text.plist.xml; path = Info.plist; sourceTree = "<group>"; };
		9BC7F2392553F77000FCFEF1 /* To Do ListUITests.xctest */ = {isa = PBXFileReference; explicitFileType = wrapper.cfbundle; includeInIndex = 0; path = "To Do ListUITests.xctest"; sourceTree = BUILT_PRODUCTS_DIR; };
		9BC7F23D2553F77000FCFEF1 /* To_Do_ListUITests.swift */ = {isa = PBXFileReference; lastKnownFileType = sourcecode.swift; path = To_Do_ListUITests.swift; sourceTree = "<group>"; };
		9BC7F23F2553F77000FCFEF1 /* Info.plist */ = {isa = PBXFileReference; lastKnownFileType = text.plist.xml; path = Info.plist; sourceTree = "<group>"; };
/* End PBXFileReference section */

/* Begin PBXFrameworksBuildPhase section */
		9BC7F2122553F76B00FCFEF1 /* Frameworks */ = {
			isa = PBXFrameworksBuildPhase;
			buildActionMask = 2147483647;
			files = (
			);
			runOnlyForDeploymentPostprocessing = 0;
		};
		9BC7F22B2553F77000FCFEF1 /* Frameworks */ = {
			isa = PBXFrameworksBuildPhase;
			buildActionMask = 2147483647;
			files = (
			);
			runOnlyForDeploymentPostprocessing = 0;
		};
		9BC7F2362553F77000FCFEF1 /* Frameworks */ = {
			isa = PBXFrameworksBuildPhase;
			buildActionMask = 2147483647;
			files = (
			);
			runOnlyForDeploymentPostprocessing = 0;
		};
/* End PBXFrameworksBuildPhase section */

/* Begin PBXGroup section */
		9BC7F20C2553F76B00FCFEF1 = {
			isa = PBXGroup;
			children = (
				9BC7F2172553F76B00FCFEF1 /* To Do List */,
				9BC7F2312553F77000FCFEF1 /* To Do ListTests */,
				9BC7F23C2553F77000FCFEF1 /* To Do ListUITests */,
				9BC7F2162553F76B00FCFEF1 /* Products */,
			);
			sourceTree = "<group>";
		};
		9BC7F2162553F76B00FCFEF1 /* Products */ = {
			isa = PBXGroup;
			children = (
				9BC7F2152553F76B00FCFEF1 /* To Do List.app */,
				9BC7F22E2553F77000FCFEF1 /* To Do ListTests.xctest */,
				9BC7F2392553F77000FCFEF1 /* To Do ListUITests.xctest */,
			);
			name = Products;
			sourceTree = "<group>";
		};
		9BC7F2172553F76B00FCFEF1 /* To Do List */ = {
			isa = PBXGroup;
			children = (
				9BC7F2182553F76B00FCFEF1 /* AppDelegate.swift */,
				9BC7F21A2553F76B00FCFEF1 /* SceneDelegate.swift */,
				9BC7F21F2553F76B00FCFEF1 /* ContentView.swift */,
				9BC7F2212553F76F00FCFEF1 /* Assets.xcassets */,
				9BC7F2262553F76F00FCFEF1 /* LaunchScreen.storyboard */,
				9BC7F2292553F76F00FCFEF1 /* Info.plist */,
				9BC7F21C2553F76B00FCFEF1 /* To_Do_List.xcdatamodeld */,
				9BC7F2232553F76F00FCFEF1 /* Preview Content */,
			);
			path = "To Do List";
			sourceTree = "<group>";
		};
		9BC7F2232553F76F00FCFEF1 /* Preview Content */ = {
			isa = PBXGroup;
			children = (
				9BC7F2242553F76F00FCFEF1 /* Preview Assets.xcassets */,
			);
			path = "Preview Content";
			sourceTree = "<group>";
		};
		9BC7F2312553F77000FCFEF1 /* To Do ListTests */ = {
			isa = PBXGroup;
			children = (
				9BC7F2322553F77000FCFEF1 /* To_Do_ListTests.swift */,
				9BC7F2342553F77000FCFEF1 /* Info.plist */,
			);
			path = "To Do ListTests";
			sourceTree = "<group>";
		};
		9BC7F23C2553F77000FCFEF1 /* To Do ListUITests */ = {
			isa = PBXGroup;
			children = (
				9BC7F23D2553F77000FCFEF1 /* To_Do_ListUITests.swift */,
				9BC7F23F2553F77000FCFEF1 /* Info.plist */,
			);
			path = "To Do ListUITests";
			sourceTree = "<group>";
		};
/* End PBXGroup section */

/* Begin PBXNativeTarget section */
		9BC7F2142553F76B00FCFEF1 /* To Do List */ = {
			isa = PBXNativeTarget;
			buildConfigurationList = 9BC7F2422553F77000FCFEF1 /* Build configuration list for PBXNativeTarget "To Do List" */;
			buildPhases = (
				9BC7F2112553F76B00FCFEF1 /* Sources */,
				9BC7F2122553F76B00FCFEF1 /* Frameworks */,
				9BC7F2132553F76B00FCFEF1 /* Resources */,
			);
			buildRules = (
			);
			dependencies = (
			);
			name = "To Do List";
			productName = "To Do List";
			productReference = 9BC7F2152553F76B00FCFEF1 /* To Do List.app */;
			productType = "com.apple.product-type.application";
		};
		9BC7F22D2553F77000FCFEF1 /* To Do ListTests */ = {
			isa = PBXNativeTarget;
			buildConfigurationList = 9BC7F2452553F77000FCFEF1 /* Build configuration list for PBXNativeTarget "To Do ListTests" */;
			buildPhases = (
				9BC7F22A2553F77000FCFEF1 /* Sources */,
				9BC7F22B2553F77000FCFEF1 /* Frameworks */,
				9BC7F22C2553F77000FCFEF1 /* Resources */,
			);
			buildRules = (
			);
			dependencies = (
				9BC7F2302553F77000FCFEF1 /* PBXTargetDependency */,
			);
			name = "To Do ListTests";
			productName = "To Do ListTests";
			productReference = 9BC7F22E2553F77000FCFEF1 /* To Do ListTests.xctest */;
			productType = "com.apple.product-type.bundle.unit-test";
		};
		9BC7F2382553F77000FCFEF1 /* To Do ListUITests */ = {
			isa = PBXNativeTarget;
			buildConfigurationList = 9BC7F2482553F77000FCFEF1 /* Build configuration list for PBXNativeTarget "To Do ListUITests" */;
			buildPhases = (
				9BC7F2352553F77000FCFEF1 /* Sources */,
				9BC7F2362553F77000FCFEF1 /* Frameworks */,
				9BC7F2372553F77000FCFEF1 /* Resources */,
			);
			buildRules = (
			);
			dependencies = (
				9BC7F23B2553F77000FCFEF1 /* PBXTargetDependency */,
			);
			name = "To Do ListUITests";
			productName = "To Do ListUITests";
			productReference = 9BC7F2392553F77000FCFEF1 /* To Do ListUITests.xctest */;
			productType = "com.apple.product-type.bundle.ui-testing";
		};
/* End PBXNativeTarget section */

/* Begin PBXProject section */
		9BC7F20D2553F76B00FCFEF1 /* Project object */ = {
			isa = PBXProject;
			attributes = {
				LastSwiftUpdateCheck = 1160;
				LastUpgradeCheck = 1160;
				ORGANIZATIONNAME = badar;
				TargetAttributes = {
					9BC7F2142553F76B00FCFEF1 = {
						CreatedOnToolsVersion = 11.6;
					};
					9BC7F22D2553F77000FCFEF1 = {
						CreatedOnToolsVersion = 11.6;
						TestTargetID = 9BC7F2142553F76B00FCFEF1;
					};
					9BC7F2382553F77000FCFEF1 = {
						CreatedOnToolsVersion = 11.6;
						TestTargetID = 9BC7F2142553F76B00FCFEF1;
					};
				};
			};
			buildConfigurationList = 9BC7F2102553F76B00FCFEF1 /* Build configuration list for PBXProject "To Do List" */;
			compatibilityVersion = "Xcode 9.3";
			developmentRegion = en;
			hasScannedForEncodings = 0;
			knownRegions = (
				en,
				Base,
			);
			mainGroup = 9BC7F20C2553F76B00FCFEF1;
			productRefGroup = 9BC7F2162553F76B00FCFEF1 /* Products */;
			projectDirPath = "";
			projectRoot = "";
			targets = (
				9BC7F2142553F76B00FCFEF1 /* To Do List */,
				9BC7F22D2553F77000FCFEF1 /* To Do ListTests */,
				9BC7F2382553F77000FCFEF1 /* To Do ListUITests */,
			);
		};
/* End PBXProject section */

/* Begin PBXResourcesBuildPhase section */
		9BC7F2132553F76B00FCFEF1 /* Resources */ = {
			isa = PBXResourcesBuildPhase;
			buildActionMask = 2147483647;
			files = (
				9BC7F2282553F76F00FCFEF1 /* LaunchScreen.storyboard in Resources */,
				9BC7F2252553F76F00FCFEF1 /* Preview Assets.xcassets in Resources */,
				9BC7F2222553F76F00FCFEF1 /* Assets.xcassets in Resources */,
			);
			runOnlyForDeploymentPostprocessing = 0;
		};
		9BC7F22C2553F77000FCFEF1 /* Resources */ = {
			isa = PBXResourcesBuildPhase;
			buildActionMask = 2147483647;
			files = (
			);
			runOnlyForDeploymentPostprocessing = 0;
		};
		9BC7F2372553F77000FCFEF1 /* Resources */ = {
			isa = PBXResourcesBuildPhase;
			buildActionMask = 2147483647;
			files = (
			);
			runOnlyForDeploymentPostprocessing = 0;
		};
/* End PBXResourcesBuildPhase section */

/* Begin PBXSourcesBuildPhase section */
		9BC7F2112553F76B00FCFEF1 /* Sources */ = {
			isa = PBXSourcesBuildPhase;
			buildActionMask = 2147483647;
			files = (
				9BC7F2192553F76B00FCFEF1 /* AppDelegate.swift in Sources */,
				9BC7F21E2553F76B00FCFEF1 /* To_Do_List.xcdatamodeld in Sources */,
				9BC7F2202553F76B00FCFEF1 /* ContentView.swift in Sources */,
				9BC7F21B2553F76B00FCFEF1 /* SceneDelegate.swift in Sources */,
			);
			runOnlyForDeploymentPostprocessing = 0;
		};
		9BC7F22A2553F77000FCFEF1 /* Sources */ = {
			isa = PBXSourcesBuildPhase;
			buildActionMask = 2147483647;
			files = (
				9BC7F2332553F77000FCFEF1 /* To_Do_ListTests.swift in Sources */,
			);
			runOnlyForDeploymentPostprocessing = 0;
		};
		9BC7F2352553F77000FCFEF1 /* Sources */ = {
			isa = PBXSourcesBuildPhase;
			buildActionMask = 2147483647;
			files = (
				9BC7F23E2553F77000FCFEF1 /* To_Do_ListUITests.swift in Sources */,
			);
			runOnlyForDeploymentPostprocessing = 0;
		};
/* End PBXSourcesBuildPhase section */

/* Begin PBXTargetDependency section */
		9BC7F2302553F77000FCFEF1 /* PBXTargetDependency */ = {
			isa = PBXTargetDependency;
			target = 9BC7F2142553F76B00FCFEF1 /* To Do List */;
			targetProxy = 9BC7F22F2553F77000FCFEF1 /* PBXContainerItemProxy */;
		};
		9BC7F23B2553F77000FCFEF1 /* PBXTargetDependency */ = {
			isa = PBXTargetDependency;
			target = 9BC7F2142553F76B00FCFEF1 /* To Do List */;
			targetProxy = 9BC7F23A2553F77000FCFEF1 /* PBXContainerItemProxy */;
		};
/* End PBXTargetDependency section */

/* Begin PBXVariantGroup section */
		9BC7F2262553F76F00FCFEF1 /* LaunchScreen.storyboard */ = {
			isa = PBXVariantGroup;
			children = (
				9BC7F2272553F76F00FCFEF1 /* Base */,
			);
			name = LaunchScreen.storyboard;
			sourceTree = "<group>";
		};
/* End PBXVariantGroup section */

/* Begin XCBuildConfiguration section */
		9BC7F2402553F77000FCFEF1 /* Debug */ = {
			isa = XCBuildConfiguration;
			buildSettings = {
				ALWAYS_SEARCH_USER_PATHS = NO;
				CLANG_ANALYZER_NONNULL = YES;
				CLANG_ANALYZER_NUMBER_OBJECT_CONVERSION = YES_AGGRESSIVE;
				CLANG_CXX_LANGUAGE_STANDARD = "gnu++14";
				CLANG_CXX_LIBRARY = "libc++";
				CLANG_ENABLE_MODULES = YES;
				CLANG_ENABLE_OBJC_ARC = YES;
				CLANG_ENABLE_OBJC_WEAK = YES;
				CLANG_WARN_BLOCK_CAPTURE_AUTORELEASING = YES;
				CLANG_WARN_BOOL_CONVERSION = YES;
				CLANG_WARN_COMMA = YES;
				CLANG_WARN_CONSTANT_CONVERSION = YES;
				CLANG_WARN_DEPRECATED_OBJC_IMPLEMENTATIONS = YES;
				CLANG_WARN_DIRECT_OBJC_ISA_USAGE = YES_ERROR;
				CLANG_WARN_DOCUMENTATION_COMMENTS = YES;
				CLANG_WARN_EMPTY_BODY = YES;
				CLANG_WARN_ENUM_CONVERSION = YES;
				CLANG_WARN_INFINITE_RECURSION = YES;
				CLANG_WARN_INT_CONVERSION = YES;
				CLANG_WARN_NON_LITERAL_NULL_CONVERSION = YES;
				CLANG_WARN_OBJC_IMPLICIT_RETAIN_SELF = YES;
				CLANG_WARN_OBJC_LITERAL_CONVERSION = YES;
				CLANG_WARN_OBJC_ROOT_CLASS = YES_ERROR;
				CLANG_WARN_RANGE_LOOP_ANALYSIS = YES;
				CLANG_WARN_STRICT_PROTOTYPES = YES;
				CLANG_WARN_SUSPICIOUS_MOVE = YES;
				CLANG_WARN_UNGUARDED_AVAILABILITY = YES_AGGRESSIVE;
				CLANG_WARN_UNREACHABLE_CODE = YES;
				CLANG_WARN__DUPLICATE_METHOD_MATCH = YES;
				COPY_PHASE_STRIP = NO;
				DEBUG_INFORMATION_FORMAT = dwarf;
				ENABLE_STRICT_OBJC_MSGSEND = YES;
				ENABLE_TESTABILITY = YES;
				GCC_C_LANGUAGE_STANDARD = gnu11;
				GCC_DYNAMIC_NO_PIC = NO;
				GCC_NO_COMMON_BLOCKS = YES;
				GCC_OPTIMIZATION_LEVEL = 0;
				GCC_PREPROCESSOR_DEFINITIONS = (
					"DEBUG=1",
					"$(inherited)",
				);
				GCC_WARN_64_TO_32_BIT_CONVERSION = YES;
				GCC_WARN_ABOUT_RETURN_TYPE = YES_ERROR;
				GCC_WARN_UNDECLARED_SELECTOR = YES;
				GCC_WARN_UNINITIALIZED_AUTOS = YES_AGGRESSIVE;
				GCC_WARN_UNUSED_FUNCTION = YES;
				GCC_WARN_UNUSED_VARIABLE = YES;
				IPHONEOS_DEPLOYMENT_TARGET = 13.6;
				MTL_ENABLE_DEBUG_INFO = INCLUDE_SOURCE;
				MTL_FAST_MATH = YES;
				ONLY_ACTIVE_ARCH = YES;
				SDKROOT = iphoneos;
				SWIFT_ACTIVE_COMPILATION_CONDITIONS = DEBUG;
				SWIFT_OPTIMIZATION_LEVEL = "-Onone";
			};
			name = Debug;
		};
		9BC7F2412553F77000FCFEF1 /* Release */ = {
			isa = XCBuildConfiguration;
			buildSettings = {
				ALWAYS_SEARCH_USER_PATHS = NO;
				CLANG_ANALYZER_NONNULL = YES;
				CLANG_ANALYZER_NUMBER_OBJECT_CONVERSION = YES_AGGRESSIVE;
				CLANG_CXX_LANGUAGE_STANDARD = "gnu++14";
				CLANG_CXX_LIBRARY = "libc++";
				CLANG_ENABLE_MODULES = YES;
				CLANG_ENABLE_OBJC_ARC = YES;
				CLANG_ENABLE_OBJC_WEAK = YES;
				CLANG_WARN_BLOCK_CAPTURE_AUTORELEASING = YES;
				CLANG_WARN_BOOL_CONVERSION = YES;
				CLANG_WARN_COMMA = YES;
				CLANG_WARN_CONSTANT_CONVERSION = YES;
				CLANG_WARN_DEPRECATED_OBJC_IMPLEMENTATIONS = YES;
				CLANG_WARN_DIRECT_OBJC_ISA_USAGE = YES_ERROR;
				CLANG_WARN_DOCUMENTATION_COMMENTS = YES;
				CLANG_WARN_EMPTY_BODY = YES;
				CLANG_WARN_ENUM_CONVERSION = YES;
				CLANG_WARN_INFINITE_RECURSION = YES;
				CLANG_WARN_INT_CONVERSION = YES;
				CLANG_WARN_NON_LITERAL_NULL_CONVERSION = YES;
				CLANG_WARN_OBJC_IMPLICIT_RETAIN_SELF = YES;
				CLANG_WARN_OBJC_LITERAL_CONVERSION = YES;
				CLANG_WARN_OBJC_ROOT_CLASS = YES_ERROR;
				CLANG_WARN_RANGE_LOOP_ANALYSIS = YES;
				CLANG_WARN_STRICT_PROTOTYPES = YES;
				CLANG_WARN_SUSPICIOUS_MOVE = YES;
				CLANG_WARN_UNGUARDED_AVAILABILITY = YES_AGGRESSIVE;
				CLANG_WARN_UNREACHABLE_CODE = YES;
				CLANG_WARN__DUPLICATE_METHOD_MATCH = YES;
				COPY_PHASE_STRIP = NO;
				DEBUG_INFORMATION_FORMAT = "dwarf-with-dsym";
				ENABLE_NS_ASSERTIONS = NO;
				ENABLE_STRICT_OBJC_MSGSEND = YES;
				GCC_C_LANGUAGE_STANDARD = gnu11;
				GCC_NO_COMMON_BLOCKS = YES;
				GCC_WARN_64_TO_32_BIT_CONVERSION = YES;
				GCC_WARN_ABOUT_RETURN_TYPE = YES_ERROR;
				GCC_WARN_UNDECLARED_SELECTOR = YES;
				GCC_WARN_UNINITIALIZED_AUTOS = YES_AGGRESSIVE;
				GCC_WARN_UNUSED_FUNCTION = YES;
				GCC_WARN_UNUSED_VARIABLE = YES;
				IPHONEOS_DEPLOYMENT_TARGET = 13.6;
				MTL_ENABLE_DEBUG_INFO = NO;
				MTL_FAST_MATH = YES;
				SDKROOT = iphoneos;
				SWIFT_COMPILATION_MODE = wholemodule;
				SWIFT_OPTIMIZATION_LEVEL = "-O";
				VALIDATE_PRODUCT = YES;
			};
			name = Release;
		};
		9BC7F2432553F77000FCFEF1 /* Debug */ = {
			isa = XCBuildConfiguration;
			buildSettings = {
				ASSETCATALOG_COMPILER_APPICON_NAME = AppIcon;
				CODE_SIGN_STYLE = Automatic;
				DEVELOPMENT_ASSET_PATHS = "\"To Do List/Preview Content\"";
				DEVELOPMENT_TEAM = 3LN8FZB4QY;
				ENABLE_PREVIEWS = YES;
				INFOPLIST_FILE = "To Do List/Info.plist";
				LD_RUNPATH_SEARCH_PATHS = (
					"$(inherited)",
					"@executable_path/Frameworks",
				);
				PRODUCT_BUNDLE_IDENTIFIER = "com.badar.To-Do-List";
				PRODUCT_NAME = "$(TARGET_NAME)";
				SWIFT_VERSION = 5.0;
				TARGETED_DEVICE_FAMILY = "1,2";
			};
			name = Debug;
		};
		9BC7F2442553F77000FCFEF1 /* Release */ = {
			isa = XCBuildConfiguration;
			buildSettings = {
				ASSETCATALOG_COMPILER_APPICON_NAME = AppIcon;
				CODE_SIGN_STYLE = Automatic;
				DEVELOPMENT_ASSET_PATHS = "\"To Do List/Preview Content\"";
				DEVELOPMENT_TEAM = 3LN8FZB4QY;
				ENABLE_PREVIEWS = YES;
				INFOPLIST_FILE = "To Do List/Info.plist";
				LD_RUNPATH_SEARCH_PATHS = (
					"$(inherited)",
					"@executable_path/Frameworks",
				);
				PRODUCT_BUNDLE_IDENTIFIER = "com.badar.To-Do-List";
				PRODUCT_NAME = "$(TARGET_NAME)";
				SWIFT_VERSION = 5.0;
				TARGETED_DEVICE_FAMILY = "1,2";
			};
			name = Release;
		};
		9BC7F2462553F77000FCFEF1 /* Debug */ = {
			isa = XCBuildConfiguration;
			buildSettings = {
				ALWAYS_EMBED_SWIFT_STANDARD_LIBRARIES = YES;
				BUNDLE_LOADER = "$(TEST_HOST)";
				CODE_SIGN_STYLE = Automatic;
				DEVELOPMENT_TEAM = 3LN8FZB4QY;
				INFOPLIST_FILE = "To Do ListTests/Info.plist";
				IPHONEOS_DEPLOYMENT_TARGET = 13.6;
				LD_RUNPATH_SEARCH_PATHS = (
					"$(inherited)",
					"@executable_path/Frameworks",
					"@loader_path/Frameworks",
				);
				PRODUCT_BUNDLE_IDENTIFIER = "com.badar.To-Do-ListTests";
				PRODUCT_NAME = "$(TARGET_NAME)";
				SWIFT_VERSION = 5.0;
				TARGETED_DEVICE_FAMILY = "1,2";
				TEST_HOST = "$(BUILT_PRODUCTS_DIR)/To Do List.app/To Do List";
			};
			name = Debug;
		};
		9BC7F2472553F77000FCFEF1 /* Release */ = {
			isa = XCBuildConfiguration;
			buildSettings = {
				ALWAYS_EMBED_SWIFT_STANDARD_LIBRARIES = YES;
				BUNDLE_LOADER = "$(TEST_HOST)";
				CODE_SIGN_STYLE = Automatic;
				DEVELOPMENT_TEAM = 3LN8FZB4QY;
				INFOPLIST_FILE = "To Do ListTests/Info.plist";
				IPHONEOS_DEPLOYMENT_TARGET = 13.6;
				LD_RUNPATH_SEARCH_PATHS = (
					"$(inherited)",
					"@executable_path/Frameworks",
					"@loader_path/Frameworks",
				);
				PRODUCT_BUNDLE_IDENTIFIER = "com.badar.To-Do-ListTests";
				PRODUCT_NAME = "$(TARGET_NAME)";
				SWIFT_VERSION = 5.0;
				TARGETED_DEVICE_FAMILY = "1,2";
				TEST_HOST = "$(BUILT_PRODUCTS_DIR)/To Do List.app/To Do List";
			};
			name = Release;
		};
		9BC7F2492553F77000FCFEF1 /* Debug */ = {
			isa = XCBuildConfiguration;
			buildSettings = {
				ALWAYS_EMBED_SWIFT_STANDARD_LIBRARIES = YES;
				CODE_SIGN_STYLE = Automatic;
				DEVELOPMENT_TEAM = 3LN8FZB4QY;
				INFOPLIST_FILE = "To Do ListUITests/Info.plist";
				LD_RUNPATH_SEARCH_PATHS = (
					"$(inherited)",
					"@executable_path/Frameworks",
					"@loader_path/Frameworks",
				);
				PRODUCT_BUNDLE_IDENTIFIER = "com.badar.To-Do-ListUITests";
				PRODUCT_NAME = "$(TARGET_NAME)";
				SWIFT_VERSION = 5.0;
				TARGETED_DEVICE_FAMILY = "1,2";
				TEST_TARGET_NAME = "To Do List";
			};
			name = Debug;
		};
		9BC7F24A2553F77000FCFEF1 /* Release */ = {
			isa = XCBuildConfiguration;
			buildSettings = {
				ALWAYS_EMBED_SWIFT_STANDARD_LIBRARIES = YES;
				CODE_SIGN_STYLE = Automatic;
				DEVELOPMENT_TEAM = 3LN8FZB4QY;
				INFOPLIST_FILE = "To Do ListUITests/Info.plist";
				LD_RUNPATH_SEARCH_PATHS = (
					"$(inherited)",
					"@executable_path/Frameworks",
					"@loader_path/Frameworks",
				);
				PRODUCT_BUNDLE_IDENTIFIER = "com.badar.To-Do-ListUITests";
				PRODUCT_NAME = "$(TARGET_NAME)";
				SWIFT_VERSION = 5.0;
				TARGETED_DEVICE_FAMILY = "1,2";
				TEST_TARGET_NAME = "To Do List";
			};
			name = Release;
		};
/* End XCBuildConfiguration section */

/* Begin XCConfigurationList section */
		9BC7F2102553F76B00FCFEF1 /* Build configuration list for PBXProject "To Do List" */ = {
			isa = XCConfigurationList;
			buildConfigurations = (
				9BC7F2402553F77000FCFEF1 /* Debug */,
				9BC7F2412553F77000FCFEF1 /* Release */,
			);
			defaultConfigurationIsVisible = 0;
			defaultConfigurationName = Release;
		};
		9BC7F2422553F77000FCFEF1 /* Build configuration list for PBXNativeTarget "To Do List" */ = {
			isa = XCConfigurationList;
			buildConfigurations = (
				9BC7F2432553F77000FCFEF1 /* Debug */,
				9BC7F2442553F77000FCFEF1 /* Release */,
			);
			defaultConfigurationIsVisible = 0;
			defaultConfigurationName = Release;
		};
		9BC7F2452553F77000FCFEF1 /* Build configuration list for PBXNativeTarget "To Do ListTests" */ = {
			isa = XCConfigurationList;
			buildConfigurations = (
				9BC7F2462553F77000FCFEF1 /* Debug */,
				9BC7F2472553F77000FCFEF1 /* Release */,
			);
			defaultConfigurationIsVisible = 0;
			defaultConfigurationName = Release;
		};
		9BC7F2482553F77000FCFEF1 /* Build configuration list for PBXNativeTarget "To Do ListUITests" */ = {
			isa = XCConfigurationList;
			buildConfigurations = (
				9BC7F2492553F77000FCFEF1 /* Debug */,
				9BC7F24A2553F77000FCFEF1 /* Release */,
			);
			defaultConfigurationIsVisible = 0;
			defaultConfigurationName = Release;
		};
/* End XCConfigurationList section */

/* Begin XCVersionGroup section */
		9BC7F21C2553F76B00FCFEF1 /* To_Do_List.xcdatamodeld */ = {
			isa = XCVersionGroup;
			children = (
				9BC7F21D2553F76B00FCFEF1 /* To_Do_List.xcdatamodel */,
			);
			currentVersion = 9BC7F21D2553F76B00FCFEF1 /* To_Do_List.xcdatamodel */;
			path = To_Do_List.xcdatamodeld;
			sourceTree = "<group>";
			versionGroupType = wrapper.xcdatamodel;
		};
/* End XCVersionGroup section */
	};
	rootObject = 9BC7F20D2553F76B00FCFEF1 /* Project object */;
}
